
Microsoft Visual Studio Solution File, Format Version 12.00
# Visual Studio Version 16
VisualStudioVersion = 16.0.32106.194
MinimumVisualStudioVersion = 10.0.40219.1
Project("{FAE04EC0-301F-11D3-BF4B-00C04F79EFBC}") = "Marelen", "Marelen.csproj", "{B3FE5FA8-21FE-4EFD-84F9-27201E57B09F}"
EndProject
Global
	GlobalSection(SolutionConfigurationPlatforms) = preSolution
		Debug|Any CPU = Debug|Any CPU
		Release|Any CPU = Release|Any CPU
	EndGlobalSection
	GlobalSection(ProjectConfigurationPlatforms) = postSolution
		{B3FE5FA8-21FE-4EFD-84F9-27201E57B09F}.Debug|Any CPU.ActiveCfg = Debug|Any CPU
		{B3FE5FA8-21FE-4EFD-84F9-27201E57B09F}.Debug|Any CPU.Build.0 = Debug|Any CPU
		{B3FE5FA8-21FE-4EFD-84F9-27201E57B09F}.Release|Any CPU.ActiveCfg = Release|Any CPU
		{B3FE5FA8-21FE-4EFD-84F9-27201E57B09F}.Release|Any CPU.Build.0 = Release|Any CPU
	EndGlobalSection
	GlobalSection(SolutionProperties) = preSolution
		HideSolutionNode = FALSE
	EndGlobalSection
	GlobalSection(ExtensibilityGlobals) = postSolution
		SolutionGuid = {8F551C1A-53CB-4E5D-A62D-A9A79E335DCC}
	EndGlobalSection
EndGlobal
